
Microsoft Visual Studio Solution File, Format Version 12.00
# Visual Studio 15
VisualStudioVersion = 15.0.27703.2000
MinimumVisualStudioVersion = 10.0.40219.1
Project("{FAE04EC0-301F-11D3-BF4B-00C04F79EFBC}") = "mml2vgm", "mml2vgm\mml2vgm.csproj", "{6D4F13EA-0E39-4B7B-9396-49A28EF2B4B2}"
EndProject
Project("{FAE04EC0-301F-11D3-BF4B-00C04F79EFBC}") = "mvc", "mvc\mvc.csproj", "{8714077A-6C89-49AB-A5CC-4AABDC4A9E32}"
EndProject
Project("{FAE04EC0-301F-11D3-BF4B-00C04F79EFBC}") = "Core", "Core\Core.csproj", "{F2A97E95-2DBF-4975-9898-C45BB2BC2010}"
EndProject
Global
	GlobalSection(SolutionConfigurationPlatforms) = preSolution
		Debug|Any CPU = Debug|Any CPU
		Release|Any CPU = Release|Any CPU
	EndGlobalSection
	GlobalSection(ProjectConfigurationPlatforms) = postSolution
		{6D4F13EA-0E39-4B7B-9396-49A28EF2B4B2}.Debug|Any CPU.ActiveCfg = Debug|Any CPU
		{6D4F13EA-0E39-4B7B-9396-49A28EF2B4B2}.Debug|Any CPU.Build.0 = Debug|Any CPU
		{6D4F13EA-0E39-4B7B-9396-49A28EF2B4B2}.Release|Any CPU.ActiveCfg = Release|Any CPU
		{6D4F13EA-0E39-4B7B-9396-49A28EF2B4B2}.Release|Any CPU.Build.0 = Release|Any CPU
		{8714077A-6C89-49AB-A5CC-4AABDC4A9E32}.Debug|Any CPU.ActiveCfg = Debug|Any CPU
		{8714077A-6C89-49AB-A5CC-4AABDC4A9E32}.Debug|Any CPU.Build.0 = Debug|Any CPU
		{8714077A-6C89-49AB-A5CC-4AABDC4A9E32}.Release|Any CPU.ActiveCfg = Release|Any CPU
		{8714077A-6C89-49AB-A5CC-4AABDC4A9E32}.Release|Any CPU.Build.0 = Release|Any CPU
		{F2A97E95-2DBF-4975-9898-C45BB2BC2010}.Debug|Any CPU.ActiveCfg = Debug|Any CPU
		{F2A97E95-2DBF-4975-9898-C45BB2BC2010}.Debug|Any CPU.Build.0 = Debug|Any CPU
		{F2A97E95-2DBF-4975-9898-C45BB2BC2010}.Release|Any CPU.ActiveCfg = Release|Any CPU
		{F2A97E95-2DBF-4975-9898-C45BB2BC2010}.Release|Any CPU.Build.0 = Release|Any CPU
	EndGlobalSection
	GlobalSection(SolutionProperties) = preSolution
		HideSolutionNode = FALSE
	EndGlobalSection
	GlobalSection(ExtensibilityGlobals) = postSolution
		SolutionGuid = {2AB34894-4DFF-4F33-94DB-EAA7B92C4AB7}
	EndGlobalSection
EndGlobal
