
Microsoft Visual Studio Solution File, Format Version 12.00
# Visual Studio Version 16
VisualStudioVersion = 16.0.28803.156
MinimumVisualStudioVersion = 10.0.40219.1
Project("{FAE04EC0-301F-11D3-BF4B-00C04F79EFBC}") = "mml2vgm", "mml2vgm\mml2vgm.csproj", "{6D4F13EA-0E39-4B7B-9396-49A28EF2B4B2}"
EndProject
Project("{FAE04EC0-301F-11D3-BF4B-00C04F79EFBC}") = "mvc", "mvc\mvc.csproj", "{8714077A-6C89-49AB-A5CC-4AABDC4A9E32}"
EndProject
Project("{FAE04EC0-301F-11D3-BF4B-00C04F79EFBC}") = "Core", "Core\Core.csproj", "{F2A97E95-2DBF-4975-9898-C45BB2BC2010}"
EndProject
Project("{2150E333-8FDC-42A3-9474-1A3956D46DE8}") = "Solution Items", "Solution Items", "{29DD4673-CC53-46A1-B6C7-16F9D269CD72}"
	ProjectSection(SolutionItems) = preProject
		CHANGE.txt = CHANGE.txt
		..\LICENSE.txt = ..\LICENSE.txt
		..\mml2vgm_MMLCommandMemo.txt = ..\mml2vgm_MMLCommandMemo.txt
		..\README.md = ..\README.md
		Script.txt = Script.txt
		..\ZGMspec.txt = ..\ZGMspec.txt
	EndProjectSection
EndProject
Project("{FAE04EC0-301F-11D3-BF4B-00C04F79EFBC}") = "mml2vgmIDE", "mml2vgmIDE\mml2vgmIDE.csproj", "{43C6D6AE-BB1E-4D20-98F4-E52C5D1EF568}"
EndProject
Global
	GlobalSection(SolutionConfigurationPlatforms) = preSolution
		Debug|x86 = Debug|x86
		Release|x86 = Release|x86
	EndGlobalSection
	GlobalSection(ProjectConfigurationPlatforms) = postSolution
		{6D4F13EA-0E39-4B7B-9396-49A28EF2B4B2}.Debug|x86.ActiveCfg = Debug|Any CPU
		{6D4F13EA-0E39-4B7B-9396-49A28EF2B4B2}.Debug|x86.Build.0 = Debug|Any CPU
		{6D4F13EA-0E39-4B7B-9396-49A28EF2B4B2}.Release|x86.ActiveCfg = Release|Any CPU
		{6D4F13EA-0E39-4B7B-9396-49A28EF2B4B2}.Release|x86.Build.0 = Release|Any CPU
		{8714077A-6C89-49AB-A5CC-4AABDC4A9E32}.Debug|x86.ActiveCfg = Debug|Any CPU
		{8714077A-6C89-49AB-A5CC-4AABDC4A9E32}.Debug|x86.Build.0 = Debug|Any CPU
		{8714077A-6C89-49AB-A5CC-4AABDC4A9E32}.Release|x86.ActiveCfg = Release|Any CPU
		{8714077A-6C89-49AB-A5CC-4AABDC4A9E32}.Release|x86.Build.0 = Release|Any CPU
		{F2A97E95-2DBF-4975-9898-C45BB2BC2010}.Debug|x86.ActiveCfg = Debug|Any CPU
		{F2A97E95-2DBF-4975-9898-C45BB2BC2010}.Debug|x86.Build.0 = Debug|Any CPU
		{F2A97E95-2DBF-4975-9898-C45BB2BC2010}.Release|x86.ActiveCfg = Release|Any CPU
		{F2A97E95-2DBF-4975-9898-C45BB2BC2010}.Release|x86.Build.0 = Release|Any CPU
		{43C6D6AE-BB1E-4D20-98F4-E52C5D1EF568}.Debug|x86.ActiveCfg = Debug|Any CPU
		{43C6D6AE-BB1E-4D20-98F4-E52C5D1EF568}.Debug|x86.Build.0 = Debug|Any CPU
		{43C6D6AE-BB1E-4D20-98F4-E52C5D1EF568}.Release|x86.ActiveCfg = Release|Any CPU
		{43C6D6AE-BB1E-4D20-98F4-E52C5D1EF568}.Release|x86.Build.0 = Release|Any CPU
	EndGlobalSection
	GlobalSection(SolutionProperties) = preSolution
		HideSolutionNode = FALSE
	EndGlobalSection
	GlobalSection(ExtensibilityGlobals) = postSolution
		SolutionGuid = {2AB34894-4DFF-4F33-94DB-EAA7B92C4AB7}
	EndGlobalSection
EndGlobal
